
Microsoft Visual Studio Solution File, Format Version 12.00
# Visual Studio Version 17
VisualStudioVersion = 17.5.2.0
MinimumVisualStudioVersion = 10.0.40219.1
Project("{FAE04EC0-301F-11D3-BF4B-00C04F79EFBC}") = "AlgoritmaSoru1", "AlgoritmaSoruları\AlgoritmaSoru1.csproj", "{D04E3F00-A432-F0A7-C6E6-DB761871C421}"
EndProject
Project("{FAE04EC0-301F-11D3-BF4B-00C04F79EFBC}") = "arraylist", "arraylist\arraylist.csproj", "{97D322C8-CE2C-1739-501E-7D4BE7469F9C}"
EndProject
Project("{FAE04EC0-301F-11D3-BF4B-00C04F79EFBC}") = "Class", "Class\Class.csproj", "{A815EA51-E8B5-B21D-27AA-38F40FF27D8E}"
EndProject
Project("{FAE04EC0-301F-11D3-BF4B-00C04F79EFBC}") = "DateTimeMath", "DateTimeMath\DateTimeMath.csproj", "{755D960F-1965-74CD-A7DA-179442424AA1}"
EndProject
Project("{FAE04EC0-301F-11D3-BF4B-00C04F79EFBC}") = "degiskenveritipleri", "degiskenveritipleri\degiskenveritipleri.csproj", "{A047D691-B1C7-8109-1CDF-67B4170F1E56}"
EndProject
Project("{FAE04EC0-301F-11D3-BF4B-00C04F79EFBC}") = "diziler", "diziler\diziler.csproj", "{B4ACE7E5-19E3-567E-32F9-3D92A7903D04}"
EndProject
Project("{FAE04EC0-301F-11D3-BF4B-00C04F79EFBC}") = "forloop", "forloop\forloop.csproj", "{154AC1CE-F92F-A91B-86AC-239D772C175B}"
EndProject
Project("{FAE04EC0-301F-11D3-BF4B-00C04F79EFBC}") = "GenericCollectionsList", "GenericCollectionsList\GenericCollectionsList.csproj", "{9B008EB7-D2B4-56D9-945B-DB6D92F47EA3}"
EndProject
Project("{FAE04EC0-301F-11D3-BF4B-00C04F79EFBC}") = "ifelse", "ifelse\ifelse.csproj", "{E1441439-8928-C82D-D68B-3C25BE88B827}"
EndProject
Project("{FAE04EC0-301F-11D3-BF4B-00C04F79EFBC}") = "methods", "methods\methods.csproj", "{6260F58A-5872-EFA1-9B93-B4358B60434D}"
EndProject
Project("{FAE04EC0-301F-11D3-BF4B-00C04F79EFBC}") = "metotoverload", "metotoverload\metotoverload.csproj", "{89F85B20-C1FC-1777-1132-020CDED296D6}"
EndProject
Project("{FAE04EC0-301F-11D3-BF4B-00C04F79EFBC}") = "operatorler", "operatorler\operatorler.csproj", "{B7A45F54-F815-3A12-E889-36DB0A04FB18}"
EndProject
Project("{FAE04EC0-301F-11D3-BF4B-00C04F79EFBC}") = "recursivemethods", "recursivemethods\recursivemethods.csproj", "{4E8071AB-51FA-DEA5-1369-3351AEA63A66}"
EndProject
Project("{FAE04EC0-301F-11D3-BF4B-00C04F79EFBC}") = "StringMethods", "StringMethods\StringMethods.csproj", "{42C67FBD-9F70-DF96-CDF3-272D3B2A80BB}"
EndProject
Project("{FAE04EC0-301F-11D3-BF4B-00C04F79EFBC}") = "switchcasekarar", "switchcasekarar\switchcasekarar.csproj", "{50451B95-1091-3EBB-7BB1-9948CEE93A6F}"
EndProject
Project("{FAE04EC0-301F-11D3-BF4B-00C04F79EFBC}") = "tipdonusum", "tipdonusum\tipdonusum.csproj", "{E9C8D438-E289-D855-13BA-8FF4CB409D74}"
EndProject
Project("{FAE04EC0-301F-11D3-BF4B-00C04F79EFBC}") = "trycatchfinally", "trycatchfinally\trycatchfinally.csproj", "{FB30DBAA-8916-2E6C-16E9-AEC0D7D6FB15}"
EndProject
Project("{FAE04EC0-301F-11D3-BF4B-00C04F79EFBC}") = "whileforeach", "whileforeach\whileforeach.csproj", "{B35C0FF7-DED8-3088-EDB9-FCD45F91DB7E}"
EndProject
Global
	GlobalSection(SolutionConfigurationPlatforms) = preSolution
		Debug|Any CPU = Debug|Any CPU
		Release|Any CPU = Release|Any CPU
	EndGlobalSection
	GlobalSection(ProjectConfigurationPlatforms) = postSolution
		{D04E3F00-A432-F0A7-C6E6-DB761871C421}.Debug|Any CPU.ActiveCfg = Debug|Any CPU
		{D04E3F00-A432-F0A7-C6E6-DB761871C421}.Debug|Any CPU.Build.0 = Debug|Any CPU
		{D04E3F00-A432-F0A7-C6E6-DB761871C421}.Release|Any CPU.ActiveCfg = Release|Any CPU
		{D04E3F00-A432-F0A7-C6E6-DB761871C421}.Release|Any CPU.Build.0 = Release|Any CPU
		{97D322C8-CE2C-1739-501E-7D4BE7469F9C}.Debug|Any CPU.ActiveCfg = Debug|Any CPU
		{97D322C8-CE2C-1739-501E-7D4BE7469F9C}.Debug|Any CPU.Build.0 = Debug|Any CPU
		{97D322C8-CE2C-1739-501E-7D4BE7469F9C}.Release|Any CPU.ActiveCfg = Release|Any CPU
		{97D322C8-CE2C-1739-501E-7D4BE7469F9C}.Release|Any CPU.Build.0 = Release|Any CPU
		{A815EA51-E8B5-B21D-27AA-38F40FF27D8E}.Debug|Any CPU.ActiveCfg = Debug|Any CPU
		{A815EA51-E8B5-B21D-27AA-38F40FF27D8E}.Debug|Any CPU.Build.0 = Debug|Any CPU
		{A815EA51-E8B5-B21D-27AA-38F40FF27D8E}.Release|Any CPU.ActiveCfg = Release|Any CPU
		{A815EA51-E8B5-B21D-27AA-38F40FF27D8E}.Release|Any CPU.Build.0 = Release|Any CPU
		{755D960F-1965-74CD-A7DA-179442424AA1}.Debug|Any CPU.ActiveCfg = Debug|Any CPU
		{755D960F-1965-74CD-A7DA-179442424AA1}.Debug|Any CPU.Build.0 = Debug|Any CPU
		{755D960F-1965-74CD-A7DA-179442424AA1}.Release|Any CPU.ActiveCfg = Release|Any CPU
		{755D960F-1965-74CD-A7DA-179442424AA1}.Release|Any CPU.Build.0 = Release|Any CPU
		{A047D691-B1C7-8109-1CDF-67B4170F1E56}.Debug|Any CPU.ActiveCfg = Debug|Any CPU
		{A047D691-B1C7-8109-1CDF-67B4170F1E56}.Debug|Any CPU.Build.0 = Debug|Any CPU
		{A047D691-B1C7-8109-1CDF-67B4170F1E56}.Release|Any CPU.ActiveCfg = Release|Any CPU
		{A047D691-B1C7-8109-1CDF-67B4170F1E56}.Release|Any CPU.Build.0 = Release|Any CPU
		{B4ACE7E5-19E3-567E-32F9-3D92A7903D04}.Debug|Any CPU.ActiveCfg = Debug|Any CPU
		{B4ACE7E5-19E3-567E-32F9-3D92A7903D04}.Debug|Any CPU.Build.0 = Debug|Any CPU
		{B4ACE7E5-19E3-567E-32F9-3D92A7903D04}.Release|Any CPU.ActiveCfg = Release|Any CPU
		{B4ACE7E5-19E3-567E-32F9-3D92A7903D04}.Release|Any CPU.Build.0 = Release|Any CPU
		{154AC1CE-F92F-A91B-86AC-239D772C175B}.Debug|Any CPU.ActiveCfg = Debug|Any CPU
		{154AC1CE-F92F-A91B-86AC-239D772C175B}.Debug|Any CPU.Build.0 = Debug|Any CPU
		{154AC1CE-F92F-A91B-86AC-239D772C175B}.Release|Any CPU.ActiveCfg = Release|Any CPU
		{154AC1CE-F92F-A91B-86AC-239D772C175B}.Release|Any CPU.Build.0 = Release|Any CPU
		{9B008EB7-D2B4-56D9-945B-DB6D92F47EA3}.Debug|Any CPU.ActiveCfg = Debug|Any CPU
		{9B008EB7-D2B4-56D9-945B-DB6D92F47EA3}.Debug|Any CPU.Build.0 = Debug|Any CPU
		{9B008EB7-D2B4-56D9-945B-DB6D92F47EA3}.Release|Any CPU.ActiveCfg = Release|Any CPU
		{9B008EB7-D2B4-56D9-945B-DB6D92F47EA3}.Release|Any CPU.Build.0 = Release|Any CPU
		{E1441439-8928-C82D-D68B-3C25BE88B827}.Debug|Any CPU.ActiveCfg = Debug|Any CPU
		{E1441439-8928-C82D-D68B-3C25BE88B827}.Debug|Any CPU.Build.0 = Debug|Any CPU
		{E1441439-8928-C82D-D68B-3C25BE88B827}.Release|Any CPU.ActiveCfg = Release|Any CPU
		{E1441439-8928-C82D-D68B-3C25BE88B827}.Release|Any CPU.Build.0 = Release|Any CPU
		{6260F58A-5872-EFA1-9B93-B4358B60434D}.Debug|Any CPU.ActiveCfg = Debug|Any CPU
		{6260F58A-5872-EFA1-9B93-B4358B60434D}.Debug|Any CPU.Build.0 = Debug|Any CPU
		{6260F58A-5872-EFA1-9B93-B4358B60434D}.Release|Any CPU.ActiveCfg = Release|Any CPU
		{6260F58A-5872-EFA1-9B93-B4358B60434D}.Release|Any CPU.Build.0 = Release|Any CPU
		{89F85B20-C1FC-1777-1132-020CDED296D6}.Debug|Any CPU.ActiveCfg = Debug|Any CPU
		{89F85B20-C1FC-1777-1132-020CDED296D6}.Debug|Any CPU.Build.0 = Debug|Any CPU
		{89F85B20-C1FC-1777-1132-020CDED296D6}.Release|Any CPU.ActiveCfg = Release|Any CPU
		{89F85B20-C1FC-1777-1132-020CDED296D6}.Release|Any CPU.Build.0 = Release|Any CPU
		{B7A45F54-F815-3A12-E889-36DB0A04FB18}.Debug|Any CPU.ActiveCfg = Debug|Any CPU
		{B7A45F54-F815-3A12-E889-36DB0A04FB18}.Debug|Any CPU.Build.0 = Debug|Any CPU
		{B7A45F54-F815-3A12-E889-36DB0A04FB18}.Release|Any CPU.ActiveCfg = Release|Any CPU
		{B7A45F54-F815-3A12-E889-36DB0A04FB18}.Release|Any CPU.Build.0 = Release|Any CPU
		{4E8071AB-51FA-DEA5-1369-3351AEA63A66}.Debug|Any CPU.ActiveCfg = Debug|Any CPU
		{4E8071AB-51FA-DEA5-1369-3351AEA63A66}.Debug|Any CPU.Build.0 = Debug|Any CPU
		{4E8071AB-51FA-DEA5-1369-3351AEA63A66}.Release|Any CPU.ActiveCfg = Release|Any CPU
		{4E8071AB-51FA-DEA5-1369-3351AEA63A66}.Release|Any CPU.Build.0 = Release|Any CPU
		{42C67FBD-9F70-DF96-CDF3-272D3B2A80BB}.Debug|Any CPU.ActiveCfg = Debug|Any CPU
		{42C67FBD-9F70-DF96-CDF3-272D3B2A80BB}.Debug|Any CPU.Build.0 = Debug|Any CPU
		{42C67FBD-9F70-DF96-CDF3-272D3B2A80BB}.Release|Any CPU.ActiveCfg = Release|Any CPU
		{42C67FBD-9F70-DF96-CDF3-272D3B2A80BB}.Release|Any CPU.Build.0 = Release|Any CPU
		{50451B95-1091-3EBB-7BB1-9948CEE93A6F}.Debug|Any CPU.ActiveCfg = Debug|Any CPU
		{50451B95-1091-3EBB-7BB1-9948CEE93A6F}.Debug|Any CPU.Build.0 = Debug|Any CPU
		{50451B95-1091-3EBB-7BB1-9948CEE93A6F}.Release|Any CPU.ActiveCfg = Release|Any CPU
		{50451B95-1091-3EBB-7BB1-9948CEE93A6F}.Release|Any CPU.Build.0 = Release|Any CPU
		{E9C8D438-E289-D855-13BA-8FF4CB409D74}.Debug|Any CPU.ActiveCfg = Debug|Any CPU
		{E9C8D438-E289-D855-13BA-8FF4CB409D74}.Debug|Any CPU.Build.0 = Debug|Any CPU
		{E9C8D438-E289-D855-13BA-8FF4CB409D74}.Release|Any CPU.ActiveCfg = Release|Any CPU
		{E9C8D438-E289-D855-13BA-8FF4CB409D74}.Release|Any CPU.Build.0 = Release|Any CPU
		{FB30DBAA-8916-2E6C-16E9-AEC0D7D6FB15}.Debug|Any CPU.ActiveCfg = Debug|Any CPU
		{FB30DBAA-8916-2E6C-16E9-AEC0D7D6FB15}.Debug|Any CPU.Build.0 = Debug|Any CPU
		{FB30DBAA-8916-2E6C-16E9-AEC0D7D6FB15}.Release|Any CPU.ActiveCfg = Release|Any CPU
		{FB30DBAA-8916-2E6C-16E9-AEC0D7D6FB15}.Release|Any CPU.Build.0 = Release|Any CPU
		{B35C0FF7-DED8-3088-EDB9-FCD45F91DB7E}.Debug|Any CPU.ActiveCfg = Debug|Any CPU
		{B35C0FF7-DED8-3088-EDB9-FCD45F91DB7E}.Debug|Any CPU.Build.0 = Debug|Any CPU
		{B35C0FF7-DED8-3088-EDB9-FCD45F91DB7E}.Release|Any CPU.ActiveCfg = Release|Any CPU
		{B35C0FF7-DED8-3088-EDB9-FCD45F91DB7E}.Release|Any CPU.Build.0 = Release|Any CPU
	EndGlobalSection
	GlobalSection(SolutionProperties) = preSolution
		HideSolutionNode = FALSE
	EndGlobalSection
	GlobalSection(ExtensibilityGlobals) = postSolution
		SolutionGuid = {1BCA178A-A60D-4EB9-9879-6432092C11DC}
	EndGlobalSection
EndGlobal
